
Microsoft Visual Studio Solution File, Format Version 12.00
# Visual Studio Version 17
VisualStudioVersion = 17.3.32825.248
MinimumVisualStudioVersion = 10.0.40219.1
Project("{FAE04EC0-301F-11D3-BF4B-00C04F79EFBC}") = "DEmo", "DEmo\DEmo.csproj", "{B50BF003-BBEC-4D46-A44D-70FA00AE854C}"
EndProject
Global
	GlobalSection(SolutionConfigurationPlatforms) = preSolution
		Debug|Any CPU = Debug|Any CPU
		Release|Any CPU = Release|Any CPU
	EndGlobalSection
	GlobalSection(ProjectConfigurationPlatforms) = postSolution
		{B50BF003-BBEC-4D46-A44D-70FA00AE854C}.Debug|Any CPU.ActiveCfg = Debug|Any CPU
		{B50BF003-BBEC-4D46-A44D-70FA00AE854C}.Debug|Any CPU.Build.0 = Debug|Any CPU
		{B50BF003-BBEC-4D46-A44D-70FA00AE854C}.Release|Any CPU.ActiveCfg = Release|Any CPU
		{B50BF003-BBEC-4D46-A44D-70FA00AE854C}.Release|Any CPU.Build.0 = Release|Any CPU
	EndGlobalSection
	GlobalSection(SolutionProperties) = preSolution
		HideSolutionNode = FALSE
	EndGlobalSection
	GlobalSection(ExtensibilityGlobals) = postSolution
		SolutionGuid = {7CD89334-95DE-42F8-8D96-F8EDFD9A24FA}
	EndGlobalSection
EndGlobal
